// !$*UTF8*$!
{
	archiveVersion = 1;
	classes = {
	};
	objectVersion = 48;
	objects = {

/* Begin PBXBuildFile section */
		236908F31FB6EC1F0086ED78 /* AuthorizationDelegate.swift in Sources */ = {isa = PBXBuildFile; fileRef = 236908F21FB6EC1F0086ED78 /* AuthorizationDelegate.swift */; };
		23C2E86D1FB6DCF800A04C30 /* PostTableViewCell.swift in Sources */ = {isa = PBXBuildFile; fileRef = 23C2E86B1FB6DCF800A04C30 /* PostTableViewCell.swift */; };
		23C2E86E1FB6DCF800A04C30 /* PostTableViewCell.xib in Resources */ = {isa = PBXBuildFile; fileRef = 23C2E86C1FB6DCF800A04C30 /* PostTableViewCell.xib */; };
		23C2E8711FB6E65A00A04C30 /* VKSdkFramework.framework in Frameworks */ = {isa = PBXBuildFile; fileRef = 23C2E8701FB6E65A00A04C30 /* VKSdkFramework.framework */; };
		23C2E8771FB6E90000A04C30 /* SocialNetworkTableViewCell.swift in Sources */ = {isa = PBXBuildFile; fileRef = 23C2E8751FB6E90000A04C30 /* SocialNetworkTableViewCell.swift */; };
		23C2E8781FB6E90000A04C30 /* SocialNetworkTableViewCell.xib in Resources */ = {isa = PBXBuildFile; fileRef = 23C2E8761FB6E90000A04C30 /* SocialNetworkTableViewCell.xib */; };
		23C517991FB6EEE0000FBD6B /* SettingsTableViewController.swift in Sources */ = {isa = PBXBuildFile; fileRef = 23C517981FB6EEE0000FBD6B /* SettingsTableViewController.swift */; };
		23C5179B1FB6EF4C000FBD6B /* SocialNetwork.swift in Sources */ = {isa = PBXBuildFile; fileRef = 23C5179A1FB6EF4C000FBD6B /* SocialNetwork.swift */; };
		23C5179F1FB7049E000FBD6B /* AutorizationVK.swift in Sources */ = {isa = PBXBuildFile; fileRef = 23C5179E1FB7049E000FBD6B /* AutorizationVK.swift */; };
		23C517A21FB717EB000FBD6B /* NewsfeedTableViewController.swift in Sources */ = {isa = PBXBuildFile; fileRef = 23C517A11FB717EB000FBD6B /* NewsfeedTableViewController.swift */; };
		23C517A41FB71DB2000FBD6B /* News.swift in Sources */ = {isa = PBXBuildFile; fileRef = 23C517A31FB71DB2000FBD6B /* News.swift */; };
		23C517A61FB71EBE000FBD6B /* VkNews.swift in Sources */ = {isa = PBXBuildFile; fileRef = 23C517A51FB71EBE000FBD6B /* VkNews.swift */; };
		23C517A91FB721CB000FBD6B /* NewsLoader.swift in Sources */ = {isa = PBXBuildFile; fileRef = 23C517A81FB721CB000FBD6B /* NewsLoader.swift */; };
		CBA3A78D1FB4FEA800308FB7 /* AppDelegate.swift in Sources */ = {isa = PBXBuildFile; fileRef = CBA3A78C1FB4FEA800308FB7 /* AppDelegate.swift */; };
		CBA3A78F1FB4FEA800308FB7 /* ViewController.swift in Sources */ = {isa = PBXBuildFile; fileRef = CBA3A78E1FB4FEA800308FB7 /* ViewController.swift */; };
		CBA3A7921FB4FEA800308FB7 /* Main.storyboard in Resources */ = {isa = PBXBuildFile; fileRef = CBA3A7901FB4FEA800308FB7 /* Main.storyboard */; };
		CBA3A7941FB4FEA800308FB7 /* Assets.xcassets in Resources */ = {isa = PBXBuildFile; fileRef = CBA3A7931FB4FEA800308FB7 /* Assets.xcassets */; };
		CBA3A7971FB4FEA800308FB7 /* LaunchScreen.storyboard in Resources */ = {isa = PBXBuildFile; fileRef = CBA3A7951FB4FEA800308FB7 /* LaunchScreen.storyboard */; };
/* End PBXBuildFile section */

/* Begin PBXFileReference section */
		236908F21FB6EC1F0086ED78 /* AuthorizationDelegate.swift */ = {isa = PBXFileReference; lastKnownFileType = sourcecode.swift; path = AuthorizationDelegate.swift; sourceTree = "<group>"; };
		23C2E86B1FB6DCF800A04C30 /* PostTableViewCell.swift */ = {isa = PBXFileReference; lastKnownFileType = sourcecode.swift; path = PostTableViewCell.swift; sourceTree = "<group>"; };
		23C2E86C1FB6DCF800A04C30 /* PostTableViewCell.xib */ = {isa = PBXFileReference; lastKnownFileType = file.xib; path = PostTableViewCell.xib; sourceTree = "<group>"; };
		23C2E8701FB6E65A00A04C30 /* VKSdkFramework.framework */ = {isa = PBXFileReference; lastKnownFileType = wrapper.framework; name = VKSdkFramework.framework; path = Carthage/Build/iOS/VKSdkFramework.framework; sourceTree = "<group>"; };
		23C2E8751FB6E90000A04C30 /* SocialNetworkTableViewCell.swift */ = {isa = PBXFileReference; lastKnownFileType = sourcecode.swift; path = SocialNetworkTableViewCell.swift; sourceTree = "<group>"; };
		23C2E8761FB6E90000A04C30 /* SocialNetworkTableViewCell.xib */ = {isa = PBXFileReference; lastKnownFileType = file.xib; path = SocialNetworkTableViewCell.xib; sourceTree = "<group>"; };
		23C517981FB6EEE0000FBD6B /* SettingsTableViewController.swift */ = {isa = PBXFileReference; lastKnownFileType = sourcecode.swift; path = SettingsTableViewController.swift; sourceTree = "<group>"; };
		23C5179A1FB6EF4C000FBD6B /* SocialNetwork.swift */ = {isa = PBXFileReference; lastKnownFileType = sourcecode.swift; path = SocialNetwork.swift; sourceTree = "<group>"; };
		23C5179E1FB7049E000FBD6B /* AutorizationVK.swift */ = {isa = PBXFileReference; lastKnownFileType = sourcecode.swift; path = AutorizationVK.swift; sourceTree = "<group>"; };
		23C517A11FB717EB000FBD6B /* NewsfeedTableViewController.swift */ = {isa = PBXFileReference; lastKnownFileType = sourcecode.swift; path = NewsfeedTableViewController.swift; sourceTree = "<group>"; };
		23C517A31FB71DB2000FBD6B /* News.swift */ = {isa = PBXFileReference; lastKnownFileType = sourcecode.swift; path = News.swift; sourceTree = "<group>"; };
		23C517A51FB71EBE000FBD6B /* VkNews.swift */ = {isa = PBXFileReference; lastKnownFileType = sourcecode.swift; path = VkNews.swift; sourceTree = "<group>"; };
		23C517A81FB721CB000FBD6B /* NewsLoader.swift */ = {isa = PBXFileReference; lastKnownFileType = sourcecode.swift; path = NewsLoader.swift; sourceTree = "<group>"; };
		CBA3A7891FB4FEA800308FB7 /* SwiftOlymp.app */ = {isa = PBXFileReference; explicitFileType = wrapper.application; includeInIndex = 0; path = SwiftOlymp.app; sourceTree = BUILT_PRODUCTS_DIR; };
		CBA3A78C1FB4FEA800308FB7 /* AppDelegate.swift */ = {isa = PBXFileReference; lastKnownFileType = sourcecode.swift; path = AppDelegate.swift; sourceTree = "<group>"; };
		CBA3A78E1FB4FEA800308FB7 /* ViewController.swift */ = {isa = PBXFileReference; lastKnownFileType = sourcecode.swift; path = ViewController.swift; sourceTree = "<group>"; };
		CBA3A7911FB4FEA800308FB7 /* Base */ = {isa = PBXFileReference; lastKnownFileType = file.storyboard; name = Base; path = Base.lproj/Main.storyboard; sourceTree = "<group>"; };
		CBA3A7931FB4FEA800308FB7 /* Assets.xcassets */ = {isa = PBXFileReference; lastKnownFileType = folder.assetcatalog; path = Assets.xcassets; sourceTree = "<group>"; };
		CBA3A7961FB4FEA800308FB7 /* Base */ = {isa = PBXFileReference; lastKnownFileType = file.storyboard; name = Base; path = Base.lproj/LaunchScreen.storyboard; sourceTree = "<group>"; };
		CBA3A7981FB4FEA800308FB7 /* Info.plist */ = {isa = PBXFileReference; lastKnownFileType = text.plist.xml; path = Info.plist; sourceTree = "<group>"; };
/* End PBXFileReference section */

/* Begin PBXFrameworksBuildPhase section */
		CBA3A7861FB4FEA800308FB7 /* Frameworks */ = {
			isa = PBXFrameworksBuildPhase;
			buildActionMask = 2147483647;
			files = (
				23C2E8711FB6E65A00A04C30 /* VKSdkFramework.framework in Frameworks */,
			);
			runOnlyForDeploymentPostprocessing = 0;
		};
/* End PBXFrameworksBuildPhase section */

/* Begin PBXGroup section */
		236908EF1FB6EA190086ED78 /* Protocols */ = {
			isa = PBXGroup;
			children = (
				236908F21FB6EC1F0086ED78 /* AuthorizationDelegate.swift */,
			);
			path = Protocols;
			sourceTree = "<group>";
		};
		23C2E8681FB6DC4D00A04C30 /* Controllers */ = {
			isa = PBXGroup;
			children = (
				23C517A01FB71771000FBD6B /* SettingsExtensions */,
				CBA3A78E1FB4FEA800308FB7 /* ViewController.swift */,
				23C517981FB6EEE0000FBD6B /* SettingsTableViewController.swift */,
				23C517A11FB717EB000FBD6B /* NewsfeedTableViewController.swift */,
			);
			path = Controllers;
			sourceTree = "<group>";
		};
		23C2E8691FB6DC6600A04C30 /* Models */ = {
			isa = PBXGroup;
			children = (
				23C5179A1FB6EF4C000FBD6B /* SocialNetwork.swift */,
				23C517A31FB71DB2000FBD6B /* News.swift */,
				23C517A51FB71EBE000FBD6B /* VkNews.swift */,
			);
			path = Models;
			sourceTree = "<group>";
		};
		23C2E86A1FB6DC6C00A04C30 /* Views */ = {
			isa = PBXGroup;
			children = (
				23C2E86B1FB6DCF800A04C30 /* PostTableViewCell.swift */,
				23C2E86C1FB6DCF800A04C30 /* PostTableViewCell.xib */,
				23C2E8751FB6E90000A04C30 /* SocialNetworkTableViewCell.swift */,
				23C2E8761FB6E90000A04C30 /* SocialNetworkTableViewCell.xib */,
			);
			path = Views;
			sourceTree = "<group>";
		};
		23C2E86F1FB6E65A00A04C30 /* Frameworks */ = {
			isa = PBXGroup;
			children = (
				23C2E8701FB6E65A00A04C30 /* VKSdkFramework.framework */,
			);
			name = Frameworks;
			sourceTree = "<group>";
		};
		23C517A01FB71771000FBD6B /* SettingsExtensions */ = {
			isa = PBXGroup;
			children = (
				23C5179E1FB7049E000FBD6B /* AutorizationVK.swift */,
			);
			path = SettingsExtensions;
			sourceTree = "<group>";
		};
		23C517A71FB721BE000FBD6B /* Utils */ = {
			isa = PBXGroup;
			children = (
				23C517A81FB721CB000FBD6B /* NewsLoader.swift */,
			);
			path = Utils;
			sourceTree = "<group>";
		};
		CBA3A7801FB4FEA800308FB7 = {
			isa = PBXGroup;
			children = (
				CBA3A78B1FB4FEA800308FB7 /* SwiftOlymp */,
				CBA3A78A1FB4FEA800308FB7 /* Products */,
				23C2E86F1FB6E65A00A04C30 /* Frameworks */,
			);
			sourceTree = "<group>";
		};
		CBA3A78A1FB4FEA800308FB7 /* Products */ = {
			isa = PBXGroup;
			children = (
				CBA3A7891FB4FEA800308FB7 /* SwiftOlymp.app */,
			);
			name = Products;
			sourceTree = "<group>";
		};
		CBA3A78B1FB4FEA800308FB7 /* SwiftOlymp */ = {
			isa = PBXGroup;
			children = (
				23C517A71FB721BE000FBD6B /* Utils */,
				236908EF1FB6EA190086ED78 /* Protocols */,
				23C2E86A1FB6DC6C00A04C30 /* Views */,
				23C2E8691FB6DC6600A04C30 /* Models */,
				23C2E8681FB6DC4D00A04C30 /* Controllers */,
				CBA3A78C1FB4FEA800308FB7 /* AppDelegate.swift */,
				CBA3A7901FB4FEA800308FB7 /* Main.storyboard */,
				CBA3A7931FB4FEA800308FB7 /* Assets.xcassets */,
				CBA3A7951FB4FEA800308FB7 /* LaunchScreen.storyboard */,
				CBA3A7981FB4FEA800308FB7 /* Info.plist */,
			);
			path = SwiftOlymp;
			sourceTree = "<group>";
		};
/* End PBXGroup section */

/* Begin PBXNativeTarget section */
		CBA3A7881FB4FEA800308FB7 /* SwiftOlymp */ = {
			isa = PBXNativeTarget;
			buildConfigurationList = CBA3A79B1FB4FEA800308FB7 /* Build configuration list for PBXNativeTarget "SwiftOlymp" */;
			buildPhases = (
				CBA3A7851FB4FEA800308FB7 /* Sources */,
				CBA3A7861FB4FEA800308FB7 /* Frameworks */,
				CBA3A7871FB4FEA800308FB7 /* Resources */,
				23C2E8721FB6E69800A04C30 /* ShellScript */,
			);
			buildRules = (
			);
			dependencies = (
			);
			name = SwiftOlymp;
			productName = SwiftOlymp;
			productReference = CBA3A7891FB4FEA800308FB7 /* SwiftOlymp.app */;
			productType = "com.apple.product-type.application";
		};
/* End PBXNativeTarget section */

/* Begin PBXProject section */
		CBA3A7811FB4FEA800308FB7 /* Project object */ = {
			isa = PBXProject;
			attributes = {
				LastSwiftUpdateCheck = 0900;
				LastUpgradeCheck = 0900;
				ORGANIZATIONNAME = "iOS Lab ITIS";
				TargetAttributes = {
					CBA3A7881FB4FEA800308FB7 = {
						CreatedOnToolsVersion = 9.0;
						ProvisioningStyle = Automatic;
					};
				};
			};
			buildConfigurationList = CBA3A7841FB4FEA800308FB7 /* Build configuration list for PBXProject "SwiftOlymp" */;
			compatibilityVersion = "Xcode 8.0";
			developmentRegion = en;
			hasScannedForEncodings = 0;
			knownRegions = (
				en,
				Base,
			);
			mainGroup = CBA3A7801FB4FEA800308FB7;
			productRefGroup = CBA3A78A1FB4FEA800308FB7 /* Products */;
			projectDirPath = "";
			projectRoot = "";
			targets = (
				CBA3A7881FB4FEA800308FB7 /* SwiftOlymp */,
			);
		};
/* End PBXProject section */

/* Begin PBXResourcesBuildPhase section */
		CBA3A7871FB4FEA800308FB7 /* Resources */ = {
			isa = PBXResourcesBuildPhase;
			buildActionMask = 2147483647;
			files = (
				23C2E8781FB6E90000A04C30 /* SocialNetworkTableViewCell.xib in Resources */,
				CBA3A7971FB4FEA800308FB7 /* LaunchScreen.storyboard in Resources */,
				CBA3A7941FB4FEA800308FB7 /* Assets.xcassets in Resources */,
				CBA3A7921FB4FEA800308FB7 /* Main.storyboard in Resources */,
				23C2E86E1FB6DCF800A04C30 /* PostTableViewCell.xib in Resources */,
			);
			runOnlyForDeploymentPostprocessing = 0;
		};
/* End PBXResourcesBuildPhase section */

/* Begin PBXShellScriptBuildPhase section */
		23C2E8721FB6E69800A04C30 /* ShellScript */ = {
			isa = PBXShellScriptBuildPhase;
			buildActionMask = 2147483647;
			files = (
			);
			inputPaths = (
				"$(SRCROOT)/Carthage/Build/iOS/VKSdkFramework.framework",
			);
			outputPaths = (
			);
			runOnlyForDeploymentPostprocessing = 0;
			shellPath = /bin/sh;
			shellScript = "/usr/local/bin/carthage copy-frameworks";
		};
/* End PBXShellScriptBuildPhase section */

/* Begin PBXSourcesBuildPhase section */
		CBA3A7851FB4FEA800308FB7 /* Sources */ = {
			isa = PBXSourcesBuildPhase;
			buildActionMask = 2147483647;
			files = (
				CBA3A78F1FB4FEA800308FB7 /* ViewController.swift in Sources */,
				23C5179F1FB7049E000FBD6B /* AutorizationVK.swift in Sources */,
				CBA3A78D1FB4FEA800308FB7 /* AppDelegate.swift in Sources */,
				23C517A91FB721CB000FBD6B /* NewsLoader.swift in Sources */,
				23C517A21FB717EB000FBD6B /* NewsfeedTableViewController.swift in Sources */,
				23C5179B1FB6EF4C000FBD6B /* SocialNetwork.swift in Sources */,
				23C517A61FB71EBE000FBD6B /* VkNews.swift in Sources */,
				23C2E8771FB6E90000A04C30 /* SocialNetworkTableViewCell.swift in Sources */,
				236908F31FB6EC1F0086ED78 /* AuthorizationDelegate.swift in Sources */,
				23C2E86D1FB6DCF800A04C30 /* PostTableViewCell.swift in Sources */,
				23C517A41FB71DB2000FBD6B /* News.swift in Sources */,
				23C517991FB6EEE0000FBD6B /* SettingsTableViewController.swift in Sources */,
			);
			runOnlyForDeploymentPostprocessing = 0;
		};
/* End PBXSourcesBuildPhase section */

/* Begin PBXVariantGroup section */
		CBA3A7901FB4FEA800308FB7 /* Main.storyboard */ = {
			isa = PBXVariantGroup;
			children = (
				CBA3A7911FB4FEA800308FB7 /* Base */,
			);
			name = Main.storyboard;
			sourceTree = "<group>";
		};
		CBA3A7951FB4FEA800308FB7 /* LaunchScreen.storyboard */ = {
			isa = PBXVariantGroup;
			children = (
				CBA3A7961FB4FEA800308FB7 /* Base */,
			);
			name = LaunchScreen.storyboard;
			sourceTree = "<group>";
		};
/* End PBXVariantGroup section */

/* Begin XCBuildConfiguration section */
		CBA3A7991FB4FEA800308FB7 /* Debug */ = {
			isa = XCBuildConfiguration;
			buildSettings = {
				ALWAYS_SEARCH_USER_PATHS = NO;
				CLANG_ANALYZER_NONNULL = YES;
				CLANG_ANALYZER_NUMBER_OBJECT_CONVERSION = YES_AGGRESSIVE;
				CLANG_CXX_LANGUAGE_STANDARD = "gnu++14";
				CLANG_CXX_LIBRARY = "libc++";
				CLANG_ENABLE_MODULES = YES;
				CLANG_ENABLE_OBJC_ARC = YES;
				CLANG_WARN_BLOCK_CAPTURE_AUTORELEASING = YES;
				CLANG_WARN_BOOL_CONVERSION = YES;
				CLANG_WARN_COMMA = YES;
				CLANG_WARN_CONSTANT_CONVERSION = YES;
				CLANG_WARN_DIRECT_OBJC_ISA_USAGE = YES_ERROR;
				CLANG_WARN_DOCUMENTATION_COMMENTS = YES;
				CLANG_WARN_EMPTY_BODY = YES;
				CLANG_WARN_ENUM_CONVERSION = YES;
				CLANG_WARN_INFINITE_RECURSION = YES;
				CLANG_WARN_INT_CONVERSION = YES;
				CLANG_WARN_NON_LITERAL_NULL_CONVERSION = YES;
				CLANG_WARN_OBJC_LITERAL_CONVERSION = YES;
				CLANG_WARN_OBJC_ROOT_CLASS = YES_ERROR;
				CLANG_WARN_RANGE_LOOP_ANALYSIS = YES;
				CLANG_WARN_STRICT_PROTOTYPES = YES;
				CLANG_WARN_SUSPICIOUS_MOVE = YES;
				CLANG_WARN_UNGUARDED_AVAILABILITY = YES_AGGRESSIVE;
				CLANG_WARN_UNREACHABLE_CODE = YES;
				CLANG_WARN__DUPLICATE_METHOD_MATCH = YES;
				CODE_SIGN_IDENTITY = "iPhone Developer";
				COPY_PHASE_STRIP = NO;
				DEBUG_INFORMATION_FORMAT = dwarf;
				ENABLE_STRICT_OBJC_MSGSEND = YES;
				ENABLE_TESTABILITY = YES;
				GCC_C_LANGUAGE_STANDARD = gnu11;
				GCC_DYNAMIC_NO_PIC = NO;
				GCC_NO_COMMON_BLOCKS = YES;
				GCC_OPTIMIZATION_LEVEL = 0;
				GCC_PREPROCESSOR_DEFINITIONS = (
					"DEBUG=1",
					"$(inherited)",
				);
				GCC_WARN_64_TO_32_BIT_CONVERSION = YES;
				GCC_WARN_ABOUT_RETURN_TYPE = YES_ERROR;
				GCC_WARN_UNDECLARED_SELECTOR = YES;
				GCC_WARN_UNINITIALIZED_AUTOS = YES_AGGRESSIVE;
				GCC_WARN_UNUSED_FUNCTION = YES;
				GCC_WARN_UNUSED_VARIABLE = YES;
				IPHONEOS_DEPLOYMENT_TARGET = 11.0;
				MTL_ENABLE_DEBUG_INFO = YES;
				ONLY_ACTIVE_ARCH = YES;
				SDKROOT = iphoneos;
				SWIFT_ACTIVE_COMPILATION_CONDITIONS = DEBUG;
				SWIFT_OPTIMIZATION_LEVEL = "-Onone";
			};
			name = Debug;
		};
		CBA3A79A1FB4FEA800308FB7 /* Release */ = {
			isa = XCBuildConfiguration;
			buildSettings = {
				ALWAYS_SEARCH_USER_PATHS = NO;
				CLANG_ANALYZER_NONNULL = YES;
				CLANG_ANALYZER_NUMBER_OBJECT_CONVERSION = YES_AGGRESSIVE;
				CLANG_CXX_LANGUAGE_STANDARD = "gnu++14";
				CLANG_CXX_LIBRARY = "libc++";
				CLANG_ENABLE_MODULES = YES;
				CLANG_ENABLE_OBJC_ARC = YES;
				CLANG_WARN_BLOCK_CAPTURE_AUTORELEASING = YES;
				CLANG_WARN_BOOL_CONVERSION = YES;
				CLANG_WARN_COMMA = YES;
				CLANG_WARN_CONSTANT_CONVERSION = YES;
				CLANG_WARN_DIRECT_OBJC_ISA_USAGE = YES_ERROR;
				CLANG_WARN_DOCUMENTATION_COMMENTS = YES;
				CLANG_WARN_EMPTY_BODY = YES;
				CLANG_WARN_ENUM_CONVERSION = YES;
				CLANG_WARN_INFINITE_RECURSION = YES;
				CLANG_WARN_INT_CONVERSION = YES;
				CLANG_WARN_NON_LITERAL_NULL_CONVERSION = YES;
				CLANG_WARN_OBJC_LITERAL_CONVERSION = YES;
				CLANG_WARN_OBJC_ROOT_CLASS = YES_ERROR;
				CLANG_WARN_RANGE_LOOP_ANALYSIS = YES;
				CLANG_WARN_STRICT_PROTOTYPES = YES;
				CLANG_WARN_SUSPICIOUS_MOVE = YES;
				CLANG_WARN_UNGUARDED_AVAILABILITY = YES_AGGRESSIVE;
				CLANG_WARN_UNREACHABLE_CODE = YES;
				CLANG_WARN__DUPLICATE_METHOD_MATCH = YES;
				CODE_SIGN_IDENTITY = "iPhone Developer";
				COPY_PHASE_STRIP = NO;
				DEBUG_INFORMATION_FORMAT = "dwarf-with-dsym";
				ENABLE_NS_ASSERTIONS = NO;
				ENABLE_STRICT_OBJC_MSGSEND = YES;
				GCC_C_LANGUAGE_STANDARD = gnu11;
				GCC_NO_COMMON_BLOCKS = YES;
				GCC_WARN_64_TO_32_BIT_CONVERSION = YES;
				GCC_WARN_ABOUT_RETURN_TYPE = YES_ERROR;
				GCC_WARN_UNDECLARED_SELECTOR = YES;
				GCC_WARN_UNINITIALIZED_AUTOS = YES_AGGRESSIVE;
				GCC_WARN_UNUSED_FUNCTION = YES;
				GCC_WARN_UNUSED_VARIABLE = YES;
				IPHONEOS_DEPLOYMENT_TARGET = 11.0;
				MTL_ENABLE_DEBUG_INFO = NO;
				SDKROOT = iphoneos;
				SWIFT_OPTIMIZATION_LEVEL = "-Owholemodule";
				VALIDATE_PRODUCT = YES;
			};
			name = Release;
		};
		CBA3A79C1FB4FEA800308FB7 /* Debug */ = {
			isa = XCBuildConfiguration;
			buildSettings = {
				ASSETCATALOG_COMPILER_APPICON_NAME = AppIcon;
				CODE_SIGN_STYLE = Automatic;
				DEVELOPMENT_TEAM = W56K4E4L5F;
				FRAMEWORK_SEARCH_PATHS = (
					"$(inherited)",
					"$(PROJECT_DIR)/Carthage/Build/iOS",
				);
				INFOPLIST_FILE = SwiftOlymp/Info.plist;
				LD_RUNPATH_SEARCH_PATHS = "$(inherited) @executable_path/Frameworks";
				PRODUCT_BUNDLE_IDENTIFIER = ru.timbaev.SwiftOlymp;
				PRODUCT_NAME = "$(TARGET_NAME)";
				SWIFT_VERSION = 4.0;
				TARGETED_DEVICE_FAMILY = "1,2";
			};
			name = Debug;
		};
		CBA3A79D1FB4FEA800308FB7 /* Release */ = {
			isa = XCBuildConfiguration;
			buildSettings = {
				ASSETCATALOG_COMPILER_APPICON_NAME = AppIcon;
				CODE_SIGN_STYLE = Automatic;
				DEVELOPMENT_TEAM = W56K4E4L5F;
				FRAMEWORK_SEARCH_PATHS = (
					"$(inherited)",
					"$(PROJECT_DIR)/Carthage/Build/iOS",
				);
				INFOPLIST_FILE = SwiftOlymp/Info.plist;
				LD_RUNPATH_SEARCH_PATHS = "$(inherited) @executable_path/Frameworks";
				PRODUCT_BUNDLE_IDENTIFIER = ru.timbaev.SwiftOlymp;
				PRODUCT_NAME = "$(TARGET_NAME)";
				SWIFT_VERSION = 4.0;
				TARGETED_DEVICE_FAMILY = "1,2";
			};
			name = Release;
		};
/* End XCBuildConfiguration section */

/* Begin XCConfigurationList section */
		CBA3A7841FB4FEA800308FB7 /* Build configuration list for PBXProject "SwiftOlymp" */ = {
			isa = XCConfigurationList;
			buildConfigurations = (
				CBA3A7991FB4FEA800308FB7 /* Debug */,
				CBA3A79A1FB4FEA800308FB7 /* Release */,
			);
			defaultConfigurationIsVisible = 0;
			defaultConfigurationName = Release;
		};
		CBA3A79B1FB4FEA800308FB7 /* Build configuration list for PBXNativeTarget "SwiftOlymp" */ = {
			isa = XCConfigurationList;
			buildConfigurations = (
				CBA3A79C1FB4FEA800308FB7 /* Debug */,
				CBA3A79D1FB4FEA800308FB7 /* Release */,
			);
			defaultConfigurationIsVisible = 0;
			defaultConfigurationName = Release;
		};
/* End XCConfigurationList section */
	};
	rootObject = CBA3A7811FB4FEA800308FB7 /* Project object */;
}
